
Microsoft Visual Studio Solution File, Format Version 12.00
# Visual Studio Version 17
VisualStudioVersion = 17.0.32112.339
MinimumVisualStudioVersion = 10.0.40219.1
Project("{FAE04EC0-301F-11D3-BF4B-00C04F79EFBC}") = "multiple 3 and 5", "multiple 3 and 5.csproj", "{8A56427E-D13C-4913-9573-B02F442928AB}"
EndProject
Global
	GlobalSection(SolutionConfigurationPlatforms) = preSolution
		Debug|Any CPU = Debug|Any CPU
		Release|Any CPU = Release|Any CPU
	EndGlobalSection
	GlobalSection(ProjectConfigurationPlatforms) = postSolution
		{8A56427E-D13C-4913-9573-B02F442928AB}.Debug|Any CPU.ActiveCfg = Debug|Any CPU
		{8A56427E-D13C-4913-9573-B02F442928AB}.Debug|Any CPU.Build.0 = Debug|Any CPU
		{8A56427E-D13C-4913-9573-B02F442928AB}.Release|Any CPU.ActiveCfg = Release|Any CPU
		{8A56427E-D13C-4913-9573-B02F442928AB}.Release|Any CPU.Build.0 = Release|Any CPU
	EndGlobalSection
	GlobalSection(SolutionProperties) = preSolution
		HideSolutionNode = FALSE
	EndGlobalSection
	GlobalSection(ExtensibilityGlobals) = postSolution
		SolutionGuid = {B09394EF-0DAD-4487-BCE3-37547FA86350}
	EndGlobalSection
EndGlobal
